
Microsoft Visual Studio Solution File, Format Version 12.00
# Visual Studio Version 17
VisualStudioVersion = 17.5.002.0
MinimumVisualStudioVersion = 10.0.40219.1
Project("{2150E333-8FDC-42A3-9474-1A3956D46DE8}") = "csharp-prep", "csharp-prep", "{7441A306-B9E4-4D11-909E-57B59677A3F5}"
EndProject
Project("{9A19103F-16F7-4668-BE54-9A1E7A4F7556}") = "Prep1", "csharp-prep\Prep1\Prep1.csproj", "{F648DB4A-44B1-4598-9F44-33CA5C5A4612}"
EndProject
Project("{9A19103F-16F7-4668-BE54-9A1E7A4F7556}") = "Prep2", "csharp-prep\Prep2\Prep2.csproj", "{B7A13E92-8C51-48B7-A325-31DA4C375E50}"
EndProject
Project("{9A19103F-16F7-4668-BE54-9A1E7A4F7556}") = "Prep3", "csharp-prep\Prep3\Prep3.csproj", "{24EB5DE9-8C2F-442D-BDF7-409120246F85}"
EndProject
Project("{9A19103F-16F7-4668-BE54-9A1E7A4F7556}") = "Prep4", "csharp-prep\Prep4\Prep4.csproj", "{9F080A38-89E4-4F6A-B904-D760B0287114}"
EndProject
Project("{9A19103F-16F7-4668-BE54-9A1E7A4F7556}") = "Prep5", "csharp-prep\Prep5\Prep5.csproj", "{69D20316-6759-4199-9EA4-7933006439F2}"
EndProject
Project("{2150E333-8FDC-42A3-9474-1A3956D46DE8}") = "final", "final", "{87CBE6CB-A046-4BAA-BB72-C7F1625FFDED}"
EndProject
Project("{9A19103F-16F7-4668-BE54-9A1E7A4F7556}") = "FinalProject", "final\FinalProject\FinalProject.csproj", "{D738CF46-08DB-455B-B5C9-D9AA3B345A6D}"
EndProject
Project("{9A19103F-16F7-4668-BE54-9A1E7A4F7556}") = "Foundation1", "final\Foundation1\Foundation1.csproj", "{4A3CD6A4-8BA6-495D-B70B-1C7217517121}"
EndProject
Project("{9A19103F-16F7-4668-BE54-9A1E7A4F7556}") = "Foundation2", "final\Foundation2\Foundation2.csproj", "{989B595F-8C1E-40AB-B193-02FEFECDB56C}"
EndProject
Project("{9A19103F-16F7-4668-BE54-9A1E7A4F7556}") = "Foundation3", "final\Foundation3\Foundation3.csproj", "{5C60C1A7-3184-4A16-BCDA-8D262B5EFD1A}"
EndProject
Project("{9A19103F-16F7-4668-BE54-9A1E7A4F7556}") = "Foundation4", "final\Foundation4\Foundation4.csproj", "{980C7886-24A2-401B-9E82-683D016340CF}"
EndProject
Project("{2150E333-8FDC-42A3-9474-1A3956D46DE8}") = "prepare", "prepare", "{702BC9BC-8F6B-4E00-B0FB-83E83DD43C32}"
EndProject
Project("{9A19103F-16F7-4668-BE54-9A1E7A4F7556}") = "Learning02", "prepare\Learning02\Learning02.csproj", "{E999C3F9-F608-4015-A040-C69924484AB3}"
EndProject
Project("{9A19103F-16F7-4668-BE54-9A1E7A4F7556}") = "Learning03", "prepare\Learning03\Learning03.csproj", "{33C96492-42A6-43C3-A18C-AEA524631097}"
EndProject
Project("{9A19103F-16F7-4668-BE54-9A1E7A4F7556}") = "Learning04", "prepare\Learning04\Learning04.csproj", "{B6E21BC0-99B7-45A5-BE6A-707296D5FF8C}"
EndProject
Project("{9A19103F-16F7-4668-BE54-9A1E7A4F7556}") = "Learning05", "prepare\Learning05\Learning05.csproj", "{602E273C-BB36-4768-9AA6-7D888AA7CA52}"
EndProject
Project("{2150E333-8FDC-42A3-9474-1A3956D46DE8}") = "prove", "prove", "{CE3D3A73-06C0-411B-A748-C045CC8C946C}"
EndProject
Project("{9A19103F-16F7-4668-BE54-9A1E7A4F7556}") = "Develop02", "prove\Develop02\Develop02.csproj", "{9147FB6C-0609-4DD7-9260-89BD40A73580}"
EndProject
Project("{9A19103F-16F7-4668-BE54-9A1E7A4F7556}") = "Develop03", "prove\Develop03\Develop03.csproj", "{741F11E8-DF82-41C2-9B6C-BEFED49EA871}"
EndProject
Project("{9A19103F-16F7-4668-BE54-9A1E7A4F7556}") = "Develop04", "prove\Develop04\Develop04.csproj", "{C19209EB-1FAC-4139-8190-C8FC15CDF96E}"
EndProject
Project("{9A19103F-16F7-4668-BE54-9A1E7A4F7556}") = "Develop05", "prove\Develop05\Develop05.csproj", "{6654A4F3-453C-4465-8466-B8CC07D1836B}"
EndProject
Project("{2150E333-8FDC-42A3-9474-1A3956D46DE8}") = "sandbox", "sandbox", "{E3B4CF61-B050-467F-8B8B-70381945A992}"
EndProject
Project("{9A19103F-16F7-4668-BE54-9A1E7A4F7556}") = "Sandbox", "sandbox\Sandbox\Sandbox.csproj", "{314C0E0C-5695-4300-A3F8-DA6F4833C7C6}"
EndProject
Global
	GlobalSection(SolutionConfigurationPlatforms) = preSolution
		Debug|Any CPU = Debug|Any CPU
		Release|Any CPU = Release|Any CPU
	EndGlobalSection
	GlobalSection(ProjectConfigurationPlatforms) = postSolution
		{F648DB4A-44B1-4598-9F44-33CA5C5A4612}.Debug|Any CPU.ActiveCfg = Debug|Any CPU
		{F648DB4A-44B1-4598-9F44-33CA5C5A4612}.Debug|Any CPU.Build.0 = Debug|Any CPU
		{F648DB4A-44B1-4598-9F44-33CA5C5A4612}.Release|Any CPU.ActiveCfg = Release|Any CPU
		{F648DB4A-44B1-4598-9F44-33CA5C5A4612}.Release|Any CPU.Build.0 = Release|Any CPU
		{B7A13E92-8C51-48B7-A325-31DA4C375E50}.Debug|Any CPU.ActiveCfg = Debug|Any CPU
		{B7A13E92-8C51-48B7-A325-31DA4C375E50}.Debug|Any CPU.Build.0 = Debug|Any CPU
		{B7A13E92-8C51-48B7-A325-31DA4C375E50}.Release|Any CPU.ActiveCfg = Release|Any CPU
		{B7A13E92-8C51-48B7-A325-31DA4C375E50}.Release|Any CPU.Build.0 = Release|Any CPU
		{24EB5DE9-8C2F-442D-BDF7-409120246F85}.Debug|Any CPU.ActiveCfg = Debug|Any CPU
		{24EB5DE9-8C2F-442D-BDF7-409120246F85}.Debug|Any CPU.Build.0 = Debug|Any CPU
		{24EB5DE9-8C2F-442D-BDF7-409120246F85}.Release|Any CPU.ActiveCfg = Release|Any CPU
		{24EB5DE9-8C2F-442D-BDF7-409120246F85}.Release|Any CPU.Build.0 = Release|Any CPU
		{9F080A38-89E4-4F6A-B904-D760B0287114}.Debug|Any CPU.ActiveCfg = Debug|Any CPU
		{9F080A38-89E4-4F6A-B904-D760B0287114}.Debug|Any CPU.Build.0 = Debug|Any CPU
		{9F080A38-89E4-4F6A-B904-D760B0287114}.Release|Any CPU.ActiveCfg = Release|Any CPU
		{9F080A38-89E4-4F6A-B904-D760B0287114}.Release|Any CPU.Build.0 = Release|Any CPU
		{69D20316-6759-4199-9EA4-7933006439F2}.Debug|Any CPU.ActiveCfg = Debug|Any CPU
		{69D20316-6759-4199-9EA4-7933006439F2}.Debug|Any CPU.Build.0 = Debug|Any CPU
		{69D20316-6759-4199-9EA4-7933006439F2}.Release|Any CPU.ActiveCfg = Release|Any CPU
		{69D20316-6759-4199-9EA4-7933006439F2}.Release|Any CPU.Build.0 = Release|Any CPU
		{D738CF46-08DB-455B-B5C9-D9AA3B345A6D}.Debug|Any CPU.ActiveCfg = Debug|Any CPU
		{D738CF46-08DB-455B-B5C9-D9AA3B345A6D}.Debug|Any CPU.Build.0 = Debug|Any CPU
		{D738CF46-08DB-455B-B5C9-D9AA3B345A6D}.Release|Any CPU.ActiveCfg = Release|Any CPU
		{D738CF46-08DB-455B-B5C9-D9AA3B345A6D}.Release|Any CPU.Build.0 = Release|Any CPU
		{4A3CD6A4-8BA6-495D-B70B-1C7217517121}.Debug|Any CPU.ActiveCfg = Debug|Any CPU
		{4A3CD6A4-8BA6-495D-B70B-1C7217517121}.Debug|Any CPU.Build.0 = Debug|Any CPU
		{4A3CD6A4-8BA6-495D-B70B-1C7217517121}.Release|Any CPU.ActiveCfg = Release|Any CPU
		{4A3CD6A4-8BA6-495D-B70B-1C7217517121}.Release|Any CPU.Build.0 = Release|Any CPU
		{989B595F-8C1E-40AB-B193-02FEFECDB56C}.Debug|Any CPU.ActiveCfg = Debug|Any CPU
		{989B595F-8C1E-40AB-B193-02FEFECDB56C}.Debug|Any CPU.Build.0 = Debug|Any CPU
		{989B595F-8C1E-40AB-B193-02FEFECDB56C}.Release|Any CPU.ActiveCfg = Release|Any CPU
		{989B595F-8C1E-40AB-B193-02FEFECDB56C}.Release|Any CPU.Build.0 = Release|Any CPU
		{5C60C1A7-3184-4A16-BCDA-8D262B5EFD1A}.Debug|Any CPU.ActiveCfg = Debug|Any CPU
		{5C60C1A7-3184-4A16-BCDA-8D262B5EFD1A}.Debug|Any CPU.Build.0 = Debug|Any CPU
		{5C60C1A7-3184-4A16-BCDA-8D262B5EFD1A}.Release|Any CPU.ActiveCfg = Release|Any CPU
		{5C60C1A7-3184-4A16-BCDA-8D262B5EFD1A}.Release|Any CPU.Build.0 = Release|Any CPU
		{980C7886-24A2-401B-9E82-683D016340CF}.Debug|Any CPU.ActiveCfg = Debug|Any CPU
		{980C7886-24A2-401B-9E82-683D016340CF}.Debug|Any CPU.Build.0 = Debug|Any CPU
		{980C7886-24A2-401B-9E82-683D016340CF}.Release|Any CPU.ActiveCfg = Release|Any CPU
		{980C7886-24A2-401B-9E82-683D016340CF}.Release|Any CPU.Build.0 = Release|Any CPU
		{E999C3F9-F608-4015-A040-C69924484AB3}.Debug|Any CPU.ActiveCfg = Debug|Any CPU
		{E999C3F9-F608-4015-A040-C69924484AB3}.Debug|Any CPU.Build.0 = Debug|Any CPU
		{E999C3F9-F608-4015-A040-C69924484AB3}.Release|Any CPU.ActiveCfg = Release|Any CPU
		{E999C3F9-F608-4015-A040-C69924484AB3}.Release|Any CPU.Build.0 = Release|Any CPU
		{33C96492-42A6-43C3-A18C-AEA524631097}.Debug|Any CPU.ActiveCfg = Debug|Any CPU
		{33C96492-42A6-43C3-A18C-AEA524631097}.Debug|Any CPU.Build.0 = Debug|Any CPU
		{33C96492-42A6-43C3-A18C-AEA524631097}.Release|Any CPU.ActiveCfg = Release|Any CPU
		{33C96492-42A6-43C3-A18C-AEA524631097}.Release|Any CPU.Build.0 = Release|Any CPU
		{B6E21BC0-99B7-45A5-BE6A-707296D5FF8C}.Debug|Any CPU.ActiveCfg = Debug|Any CPU
		{B6E21BC0-99B7-45A5-BE6A-707296D5FF8C}.Debug|Any CPU.Build.0 = Debug|Any CPU
		{B6E21BC0-99B7-45A5-BE6A-707296D5FF8C}.Release|Any CPU.ActiveCfg = Release|Any CPU
		{B6E21BC0-99B7-45A5-BE6A-707296D5FF8C}.Release|Any CPU.Build.0 = Release|Any CPU
		{602E273C-BB36-4768-9AA6-7D888AA7CA52}.Debug|Any CPU.ActiveCfg = Debug|Any CPU
		{602E273C-BB36-4768-9AA6-7D888AA7CA52}.Debug|Any CPU.Build.0 = Debug|Any CPU
		{602E273C-BB36-4768-9AA6-7D888AA7CA52}.Release|Any CPU.ActiveCfg = Release|Any CPU
		{602E273C-BB36-4768-9AA6-7D888AA7CA52}.Release|Any CPU.Build.0 = Release|Any CPU
		{9147FB6C-0609-4DD7-9260-89BD40A73580}.Debug|Any CPU.ActiveCfg = Debug|Any CPU
		{9147FB6C-0609-4DD7-9260-89BD40A73580}.Debug|Any CPU.Build.0 = Debug|Any CPU
		{9147FB6C-0609-4DD7-9260-89BD40A73580}.Release|Any CPU.ActiveCfg = Release|Any CPU
		{9147FB6C-0609-4DD7-9260-89BD40A73580}.Release|Any CPU.Build.0 = Release|Any CPU
		{741F11E8-DF82-41C2-9B6C-BEFED49EA871}.Debug|Any CPU.ActiveCfg = Debug|Any CPU
		{741F11E8-DF82-41C2-9B6C-BEFED49EA871}.Debug|Any CPU.Build.0 = Debug|Any CPU
		{741F11E8-DF82-41C2-9B6C-BEFED49EA871}.Release|Any CPU.ActiveCfg = Release|Any CPU
		{741F11E8-DF82-41C2-9B6C-BEFED49EA871}.Release|Any CPU.Build.0 = Release|Any CPU
		{C19209EB-1FAC-4139-8190-C8FC15CDF96E}.Debug|Any CPU.ActiveCfg = Debug|Any CPU
		{C19209EB-1FAC-4139-8190-C8FC15CDF96E}.Debug|Any CPU.Build.0 = Debug|Any CPU
		{C19209EB-1FAC-4139-8190-C8FC15CDF96E}.Release|Any CPU.ActiveCfg = Release|Any CPU
		{C19209EB-1FAC-4139-8190-C8FC15CDF96E}.Release|Any CPU.Build.0 = Release|Any CPU
		{6654A4F3-453C-4465-8466-B8CC07D1836B}.Debug|Any CPU.ActiveCfg = Debug|Any CPU
		{6654A4F3-453C-4465-8466-B8CC07D1836B}.Debug|Any CPU.Build.0 = Debug|Any CPU
		{6654A4F3-453C-4465-8466-B8CC07D1836B}.Release|Any CPU.ActiveCfg = Release|Any CPU
		{6654A4F3-453C-4465-8466-B8CC07D1836B}.Release|Any CPU.Build.0 = Release|Any CPU
		{314C0E0C-5695-4300-A3F8-DA6F4833C7C6}.Debug|Any CPU.ActiveCfg = Debug|Any CPU
		{314C0E0C-5695-4300-A3F8-DA6F4833C7C6}.Debug|Any CPU.Build.0 = Debug|Any CPU
		{314C0E0C-5695-4300-A3F8-DA6F4833C7C6}.Release|Any CPU.ActiveCfg = Release|Any CPU
		{314C0E0C-5695-4300-A3F8-DA6F4833C7C6}.Release|Any CPU.Build.0 = Release|Any CPU
	EndGlobalSection
	GlobalSection(SolutionProperties) = preSolution
		HideSolutionNode = FALSE
	EndGlobalSection
	GlobalSection(NestedProjects) = preSolution
		{F648DB4A-44B1-4598-9F44-33CA5C5A4612} = {7441A306-B9E4-4D11-909E-57B59677A3F5}
		{B7A13E92-8C51-48B7-A325-31DA4C375E50} = {7441A306-B9E4-4D11-909E-57B59677A3F5}
		{24EB5DE9-8C2F-442D-BDF7-409120246F85} = {7441A306-B9E4-4D11-909E-57B59677A3F5}
		{9F080A38-89E4-4F6A-B904-D760B0287114} = {7441A306-B9E4-4D11-909E-57B59677A3F5}
		{69D20316-6759-4199-9EA4-7933006439F2} = {7441A306-B9E4-4D11-909E-57B59677A3F5}
		{D738CF46-08DB-455B-B5C9-D9AA3B345A6D} = {87CBE6CB-A046-4BAA-BB72-C7F1625FFDED}
		{4A3CD6A4-8BA6-495D-B70B-1C7217517121} = {87CBE6CB-A046-4BAA-BB72-C7F1625FFDED}
		{989B595F-8C1E-40AB-B193-02FEFECDB56C} = {87CBE6CB-A046-4BAA-BB72-C7F1625FFDED}
		{5C60C1A7-3184-4A16-BCDA-8D262B5EFD1A} = {87CBE6CB-A046-4BAA-BB72-C7F1625FFDED}
		{980C7886-24A2-401B-9E82-683D016340CF} = {87CBE6CB-A046-4BAA-BB72-C7F1625FFDED}
		{E999C3F9-F608-4015-A040-C69924484AB3} = {702BC9BC-8F6B-4E00-B0FB-83E83DD43C32}
		{33C96492-42A6-43C3-A18C-AEA524631097} = {702BC9BC-8F6B-4E00-B0FB-83E83DD43C32}
		{B6E21BC0-99B7-45A5-BE6A-707296D5FF8C} = {702BC9BC-8F6B-4E00-B0FB-83E83DD43C32}
		{602E273C-BB36-4768-9AA6-7D888AA7CA52} = {702BC9BC-8F6B-4E00-B0FB-83E83DD43C32}
		{9147FB6C-0609-4DD7-9260-89BD40A73580} = {CE3D3A73-06C0-411B-A748-C045CC8C946C}
		{741F11E8-DF82-41C2-9B6C-BEFED49EA871} = {CE3D3A73-06C0-411B-A748-C045CC8C946C}
		{C19209EB-1FAC-4139-8190-C8FC15CDF96E} = {CE3D3A73-06C0-411B-A748-C045CC8C946C}
		{6654A4F3-453C-4465-8466-B8CC07D1836B} = {CE3D3A73-06C0-411B-A748-C045CC8C946C}
		{314C0E0C-5695-4300-A3F8-DA6F4833C7C6} = {E3B4CF61-B050-467F-8B8B-70381945A992}
	EndGlobalSection
	GlobalSection(ExtensibilityGlobals) = postSolution
		SolutionGuid = {76A0F72C-EE86-4E04-8FD4-5C2F506A61E3}
	EndGlobalSection
EndGlobal
